
Microsoft Visual Studio Solution File, Format Version 12.00
# Visual Studio Version 16
VisualStudioVersion = 16.0.30413.136
MinimumVisualStudioVersion = 10.0.40219.1
Project("{FAE04EC0-301F-11D3-BF4B-00C04F79EFBC}") = "EJERCICIO 02", "EJERCICIO 02\EJERCICIO 02.csproj", "{7344CDB2-41E6-4FDE-942B-E95445CD5A1F}"
EndProject
Global
	GlobalSection(SolutionConfigurationPlatforms) = preSolution
		Debug|Any CPU = Debug|Any CPU
		Release|Any CPU = Release|Any CPU
	EndGlobalSection
	GlobalSection(ProjectConfigurationPlatforms) = postSolution
		{7344CDB2-41E6-4FDE-942B-E95445CD5A1F}.Debug|Any CPU.ActiveCfg = Debug|Any CPU
		{7344CDB2-41E6-4FDE-942B-E95445CD5A1F}.Debug|Any CPU.Build.0 = Debug|Any CPU
		{7344CDB2-41E6-4FDE-942B-E95445CD5A1F}.Release|Any CPU.ActiveCfg = Release|Any CPU
		{7344CDB2-41E6-4FDE-942B-E95445CD5A1F}.Release|Any CPU.Build.0 = Release|Any CPU
	EndGlobalSection
	GlobalSection(SolutionProperties) = preSolution
		HideSolutionNode = FALSE
	EndGlobalSection
	GlobalSection(ExtensibilityGlobals) = postSolution
		SolutionGuid = {A4044C0A-0D8F-41A1-BE64-DF2FA2FE8E58}
	EndGlobalSection
EndGlobal
