
Microsoft Visual Studio Solution File, Format Version 12.00
# Visual Studio Version 16
VisualStudioVersion = 16.0.30413.136
MinimumVisualStudioVersion = 10.0.40219.1
Project("{FAE04EC0-301F-11D3-BF4B-00C04F79EFBC}") = "Ejercicio25", "Ejercicio25\Ejercicio25.csproj", "{0CC09833-B158-4633-A45D-5E0B157DF837}"
EndProject
Global
	GlobalSection(SolutionConfigurationPlatforms) = preSolution
		Debug|Any CPU = Debug|Any CPU
		Release|Any CPU = Release|Any CPU
	EndGlobalSection
	GlobalSection(ProjectConfigurationPlatforms) = postSolution
		{0CC09833-B158-4633-A45D-5E0B157DF837}.Debug|Any CPU.ActiveCfg = Debug|Any CPU
		{0CC09833-B158-4633-A45D-5E0B157DF837}.Debug|Any CPU.Build.0 = Debug|Any CPU
		{0CC09833-B158-4633-A45D-5E0B157DF837}.Release|Any CPU.ActiveCfg = Release|Any CPU
		{0CC09833-B158-4633-A45D-5E0B157DF837}.Release|Any CPU.Build.0 = Release|Any CPU
	EndGlobalSection
	GlobalSection(SolutionProperties) = preSolution
		HideSolutionNode = FALSE
	EndGlobalSection
	GlobalSection(ExtensibilityGlobals) = postSolution
		SolutionGuid = {6756C136-F6C5-4485-B387-31BDF3A3DE40}
	EndGlobalSection
EndGlobal
