
Microsoft Visual Studio Solution File, Format Version 12.00
# Visual Studio Version 16
VisualStudioVersion = 16.0.30413.136
MinimumVisualStudioVersion = 10.0.40219.1
Project("{FAE04EC0-301F-11D3-BF4B-00C04F79EFBC}") = "EJERCICIO 01", "EJERCICIO 01\EJERCICIO 01.csproj", "{6561F510-34D1-41DC-B6C5-96AD23B6D9D1}"
EndProject
Global
	GlobalSection(SolutionConfigurationPlatforms) = preSolution
		Debug|Any CPU = Debug|Any CPU
		Release|Any CPU = Release|Any CPU
	EndGlobalSection
	GlobalSection(ProjectConfigurationPlatforms) = postSolution
		{6561F510-34D1-41DC-B6C5-96AD23B6D9D1}.Debug|Any CPU.ActiveCfg = Debug|Any CPU
		{6561F510-34D1-41DC-B6C5-96AD23B6D9D1}.Debug|Any CPU.Build.0 = Debug|Any CPU
		{6561F510-34D1-41DC-B6C5-96AD23B6D9D1}.Release|Any CPU.ActiveCfg = Release|Any CPU
		{6561F510-34D1-41DC-B6C5-96AD23B6D9D1}.Release|Any CPU.Build.0 = Release|Any CPU
	EndGlobalSection
	GlobalSection(SolutionProperties) = preSolution
		HideSolutionNode = FALSE
	EndGlobalSection
	GlobalSection(ExtensibilityGlobals) = postSolution
		SolutionGuid = {AE581EF1-DA95-4477-AD4D-2B9973090B5C}
	EndGlobalSection
EndGlobal
