
Microsoft Visual Studio Solution File, Format Version 12.00
# Visual Studio Version 16
VisualStudioVersion = 16.0.30413.136
MinimumVisualStudioVersion = 10.0.40219.1
Project("{FAE04EC0-301F-11D3-BF4B-00C04F79EFBC}") = "Ejercicio7", "Ejercicio7\Ejercicio7.csproj", "{0F97BE39-24CC-4AB8-A24A-0E82EA5F0395}"
EndProject
Global
	GlobalSection(SolutionConfigurationPlatforms) = preSolution
		Debug|Any CPU = Debug|Any CPU
		Release|Any CPU = Release|Any CPU
	EndGlobalSection
	GlobalSection(ProjectConfigurationPlatforms) = postSolution
		{0F97BE39-24CC-4AB8-A24A-0E82EA5F0395}.Debug|Any CPU.ActiveCfg = Debug|Any CPU
		{0F97BE39-24CC-4AB8-A24A-0E82EA5F0395}.Debug|Any CPU.Build.0 = Debug|Any CPU
		{0F97BE39-24CC-4AB8-A24A-0E82EA5F0395}.Release|Any CPU.ActiveCfg = Release|Any CPU
		{0F97BE39-24CC-4AB8-A24A-0E82EA5F0395}.Release|Any CPU.Build.0 = Release|Any CPU
	EndGlobalSection
	GlobalSection(SolutionProperties) = preSolution
		HideSolutionNode = FALSE
	EndGlobalSection
	GlobalSection(ExtensibilityGlobals) = postSolution
		SolutionGuid = {250CE344-7A8C-47DB-900E-405E8DEDF11A}
	EndGlobalSection
EndGlobal
