
Microsoft Visual Studio Solution File, Format Version 12.00
# Visual Studio Version 16
VisualStudioVersion = 16.0.30413.136
MinimumVisualStudioVersion = 10.0.40219.1
Project("{FAE04EC0-301F-11D3-BF4B-00C04F79EFBC}") = "Ejercicio10", "Ejercicio10\Ejercicio10.csproj", "{58BBF806-6821-4E80-A8E7-D29D847175C2}"
EndProject
Global
	GlobalSection(SolutionConfigurationPlatforms) = preSolution
		Debug|Any CPU = Debug|Any CPU
		Release|Any CPU = Release|Any CPU
	EndGlobalSection
	GlobalSection(ProjectConfigurationPlatforms) = postSolution
		{58BBF806-6821-4E80-A8E7-D29D847175C2}.Debug|Any CPU.ActiveCfg = Debug|Any CPU
		{58BBF806-6821-4E80-A8E7-D29D847175C2}.Debug|Any CPU.Build.0 = Debug|Any CPU
		{58BBF806-6821-4E80-A8E7-D29D847175C2}.Release|Any CPU.ActiveCfg = Release|Any CPU
		{58BBF806-6821-4E80-A8E7-D29D847175C2}.Release|Any CPU.Build.0 = Release|Any CPU
	EndGlobalSection
	GlobalSection(SolutionProperties) = preSolution
		HideSolutionNode = FALSE
	EndGlobalSection
	GlobalSection(ExtensibilityGlobals) = postSolution
		SolutionGuid = {83229A53-6301-4267-8F02-EF8B3D05E96B}
	EndGlobalSection
EndGlobal
