
Microsoft Visual Studio Solution File, Format Version 12.00
# Visual Studio Version 16
VisualStudioVersion = 16.0.30413.136
MinimumVisualStudioVersion = 10.0.40219.1
Project("{FAE04EC0-301F-11D3-BF4B-00C04F79EFBC}") = "Ejercicio3", "Ejercicio3\Ejercicio3.csproj", "{71D2CD0F-B402-42D6-989E-6D0F316D7833}"
EndProject
Global
	GlobalSection(SolutionConfigurationPlatforms) = preSolution
		Debug|Any CPU = Debug|Any CPU
		Release|Any CPU = Release|Any CPU
	EndGlobalSection
	GlobalSection(ProjectConfigurationPlatforms) = postSolution
		{71D2CD0F-B402-42D6-989E-6D0F316D7833}.Debug|Any CPU.ActiveCfg = Debug|Any CPU
		{71D2CD0F-B402-42D6-989E-6D0F316D7833}.Debug|Any CPU.Build.0 = Debug|Any CPU
		{71D2CD0F-B402-42D6-989E-6D0F316D7833}.Release|Any CPU.ActiveCfg = Release|Any CPU
		{71D2CD0F-B402-42D6-989E-6D0F316D7833}.Release|Any CPU.Build.0 = Release|Any CPU
	EndGlobalSection
	GlobalSection(SolutionProperties) = preSolution
		HideSolutionNode = FALSE
	EndGlobalSection
	GlobalSection(ExtensibilityGlobals) = postSolution
		SolutionGuid = {1094AFDC-885B-48E0-B9B0-82ADEBAD7684}
	EndGlobalSection
EndGlobal
