
Microsoft Visual Studio Solution File, Format Version 12.00
# Visual Studio Version 16
VisualStudioVersion = 16.0.30413.136
MinimumVisualStudioVersion = 10.0.40219.1
Project("{FAE04EC0-301F-11D3-BF4B-00C04F79EFBC}") = "prueba practica01E1", "prueba practica01E1\prueba practica01E1.csproj", "{3DDBA32B-E8DF-4AA4-9026-AFE558DF1407}"
EndProject
Global
	GlobalSection(SolutionConfigurationPlatforms) = preSolution
		Debug|Any CPU = Debug|Any CPU
		Release|Any CPU = Release|Any CPU
	EndGlobalSection
	GlobalSection(ProjectConfigurationPlatforms) = postSolution
		{3DDBA32B-E8DF-4AA4-9026-AFE558DF1407}.Debug|Any CPU.ActiveCfg = Debug|Any CPU
		{3DDBA32B-E8DF-4AA4-9026-AFE558DF1407}.Debug|Any CPU.Build.0 = Debug|Any CPU
		{3DDBA32B-E8DF-4AA4-9026-AFE558DF1407}.Release|Any CPU.ActiveCfg = Release|Any CPU
		{3DDBA32B-E8DF-4AA4-9026-AFE558DF1407}.Release|Any CPU.Build.0 = Release|Any CPU
	EndGlobalSection
	GlobalSection(SolutionProperties) = preSolution
		HideSolutionNode = FALSE
	EndGlobalSection
	GlobalSection(ExtensibilityGlobals) = postSolution
		SolutionGuid = {A6521890-672C-4B9F-BAE9-BF6D434B898D}
	EndGlobalSection
EndGlobal
