
Microsoft Visual Studio Solution File, Format Version 12.00
# Visual Studio Version 16
VisualStudioVersion = 16.0.30503.244
MinimumVisualStudioVersion = 10.0.40219.1
Project("{FAE04EC0-301F-11D3-BF4B-00C04F79EFBC}") = "Práctica 2 (Condicionales)", "Práctica 2 (Condicionales)\Práctica 2 (Condicionales).csproj", "{165B3D4B-7C03-4630-A61A-7D7A90012848}"
EndProject
Global
	GlobalSection(SolutionConfigurationPlatforms) = preSolution
		Debug|Any CPU = Debug|Any CPU
		Release|Any CPU = Release|Any CPU
	EndGlobalSection
	GlobalSection(ProjectConfigurationPlatforms) = postSolution
		{165B3D4B-7C03-4630-A61A-7D7A90012848}.Debug|Any CPU.ActiveCfg = Debug|Any CPU
		{165B3D4B-7C03-4630-A61A-7D7A90012848}.Debug|Any CPU.Build.0 = Debug|Any CPU
		{165B3D4B-7C03-4630-A61A-7D7A90012848}.Release|Any CPU.ActiveCfg = Release|Any CPU
		{165B3D4B-7C03-4630-A61A-7D7A90012848}.Release|Any CPU.Build.0 = Release|Any CPU
	EndGlobalSection
	GlobalSection(SolutionProperties) = preSolution
		HideSolutionNode = FALSE
	EndGlobalSection
	GlobalSection(ExtensibilityGlobals) = postSolution
		SolutionGuid = {ACE33F8B-6C56-4EA4-B78A-A0385DB2E0BB}
	EndGlobalSection
EndGlobal
