
Microsoft Visual Studio Solution File, Format Version 12.00
# Visual Studio Version 16
VisualStudioVersion = 16.0.30523.141
MinimumVisualStudioVersion = 10.0.40219.1
Project("{FAE04EC0-301F-11D3-BF4B-00C04F79EFBC}") = "Shell", "Shell\Shell.csproj", "{6F43BDC8-A8F8-442E-9151-220240A2DC6E}"
EndProject
Global
	GlobalSection(SolutionConfigurationPlatforms) = preSolution
		Debug|Any CPU = Debug|Any CPU
		Release|Any CPU = Release|Any CPU
	EndGlobalSection
	GlobalSection(ProjectConfigurationPlatforms) = postSolution
		{6F43BDC8-A8F8-442E-9151-220240A2DC6E}.Debug|Any CPU.ActiveCfg = Debug|Any CPU
		{6F43BDC8-A8F8-442E-9151-220240A2DC6E}.Debug|Any CPU.Build.0 = Debug|Any CPU
		{6F43BDC8-A8F8-442E-9151-220240A2DC6E}.Release|Any CPU.ActiveCfg = Release|Any CPU
		{6F43BDC8-A8F8-442E-9151-220240A2DC6E}.Release|Any CPU.Build.0 = Release|Any CPU
	EndGlobalSection
	GlobalSection(SolutionProperties) = preSolution
		HideSolutionNode = FALSE
	EndGlobalSection
	GlobalSection(ExtensibilityGlobals) = postSolution
		SolutionGuid = {D55AE5D3-891B-4498-8D45-FBB59137EB29}
	EndGlobalSection
EndGlobal
