
Microsoft Visual Studio Solution File, Format Version 12.00
# Visual Studio Version 16
VisualStudioVersion = 16.0.30611.23
MinimumVisualStudioVersion = 10.0.40219.1
Project("{9A19103F-16F7-4668-BE54-9A1E7A4F7556}") = "Práctica 1 POO", "Práctica 1 POO\Práctica 1 POO.csproj", "{C365A015-A4F3-4F0A-AF5D-5D11F443C3B5}"
EndProject
Global
	GlobalSection(SolutionConfigurationPlatforms) = preSolution
		Debug|Any CPU = Debug|Any CPU
		Release|Any CPU = Release|Any CPU
	EndGlobalSection
	GlobalSection(ProjectConfigurationPlatforms) = postSolution
		{C365A015-A4F3-4F0A-AF5D-5D11F443C3B5}.Debug|Any CPU.ActiveCfg = Debug|Any CPU
		{C365A015-A4F3-4F0A-AF5D-5D11F443C3B5}.Debug|Any CPU.Build.0 = Debug|Any CPU
		{C365A015-A4F3-4F0A-AF5D-5D11F443C3B5}.Release|Any CPU.ActiveCfg = Release|Any CPU
		{C365A015-A4F3-4F0A-AF5D-5D11F443C3B5}.Release|Any CPU.Build.0 = Release|Any CPU
	EndGlobalSection
	GlobalSection(SolutionProperties) = preSolution
		HideSolutionNode = FALSE
	EndGlobalSection
	GlobalSection(ExtensibilityGlobals) = postSolution
		SolutionGuid = {19B06B63-9072-497D-B5B2-DDCE70DAD5CD}
	EndGlobalSection
EndGlobal
